// !$*UTF8*$!
{
	archiveVersion = 1;
	classes = {
	};
	objectVersion = 46;
	objects = {

/* Begin PBXBuildFile section */
		87B729AA18E933DF00B1E910 /* Foundation.framework in Frameworks */ = {isa = PBXBuildFile; fileRef = 87B729A918E933DF00B1E910 /* Foundation.framework */; };
		87B729AC18E933DF00B1E910 /* CoreGraphics.framework in Frameworks */ = {isa = PBXBuildFile; fileRef = 87B729AB18E933DF00B1E910 /* CoreGraphics.framework */; };
		87B729AE18E933DF00B1E910 /* UIKit.framework in Frameworks */ = {isa = PBXBuildFile; fileRef = 87B729AD18E933DF00B1E910 /* UIKit.framework */; };
		87B729B418E933DF00B1E910 /* InfoPlist.strings in Resources */ = {isa = PBXBuildFile; fileRef = 87B729B218E933DF00B1E910 /* InfoPlist.strings */; };
		87B729B618E933DF00B1E910 /* main.m in Sources */ = {isa = PBXBuildFile; fileRef = 87B729B518E933DF00B1E910 /* main.m */; };
		87B729BA18E933DF00B1E910 /* DEBAppDelegate.m in Sources */ = {isa = PBXBuildFile; fileRef = 87B729B918E933DF00B1E910 /* DEBAppDelegate.m */; };
		87B729BD18E933DF00B1E910 /* Main.storyboard in Resources */ = {isa = PBXBuildFile; fileRef = 87B729BB18E933DF00B1E910 /* Main.storyboard */; };
		87B729C018E933DF00B1E910 /* DEBViewController.m in Sources */ = {isa = PBXBuildFile; fileRef = 87B729BF18E933DF00B1E910 /* DEBViewController.m */; };
		87B729C218E933DF00B1E910 /* Images.xcassets in Resources */ = {isa = PBXBuildFile; fileRef = 87B729C118E933DF00B1E910 /* Images.xcassets */; };
		87B729C918E933DF00B1E910 /* XCTest.framework in Frameworks */ = {isa = PBXBuildFile; fileRef = 87B729C818E933DF00B1E910 /* XCTest.framework */; };
		87B729CA18E933DF00B1E910 /* Foundation.framework in Frameworks */ = {isa = PBXBuildFile; fileRef = 87B729A918E933DF00B1E910 /* Foundation.framework */; };
		87B729CB18E933DF00B1E910 /* UIKit.framework in Frameworks */ = {isa = PBXBuildFile; fileRef = 87B729AD18E933DF00B1E910 /* UIKit.framework */; };
		87B729D318E933DF00B1E910 /* InfoPlist.strings in Resources */ = {isa = PBXBuildFile; fileRef = 87B729D118E933DF00B1E910 /* InfoPlist.strings */; };
		87B729D518E933DF00B1E910 /* GyroCompassTests.m in Sources */ = {isa = PBXBuildFile; fileRef = 87B729D418E933DF00B1E910 /* GyroCompassTests.m */; };
		87B729E018E9349500B1E910 /* DEBDeviceOrientation.m in Sources */ = {isa = PBXBuildFile; fileRef = 87B729DF18E9349500B1E910 /* DEBDeviceOrientation.m */; };
		87B729E818E9477900B1E910 /* DEBOpenGLView.m in Sources */ = {isa = PBXBuildFile; fileRef = 87B729E718E9477900B1E910 /* DEBOpenGLView.m */; };
		87B729EB18E9496900B1E910 /* DEBMultiSampleRenderer.m in Sources */ = {isa = PBXBuildFile; fileRef = 87B729EA18E9496900B1E910 /* DEBMultiSampleRenderer.m */; };
		87B729EE18E9501E00B1E910 /* DEBSceneRenderer.m in Sources */ = {isa = PBXBuildFile; fileRef = 87B729ED18E9501E00B1E910 /* DEBSceneRenderer.m */; };
		87B729F118E951AC00B1E910 /* DEBGyroCompassScene.m in Sources */ = {isa = PBXBuildFile; fileRef = 87B729F018E951AC00B1E910 /* DEBGyroCompassScene.m */; };
		87B729F418E9570600B1E910 /* DEBPreviewView.m in Sources */ = {isa = PBXBuildFile; fileRef = 87B729F318E9570600B1E910 /* DEBPreviewView.m */; };
/* End PBXBuildFile section */

/* Begin PBXContainerItemProxy section */
		87B729CC18E933DF00B1E910 /* PBXContainerItemProxy */ = {
			isa = PBXContainerItemProxy;
			containerPortal = 87B7299E18E933DF00B1E910 /* Project object */;
			proxyType = 1;
			remoteGlobalIDString = 87B729A518E933DF00B1E910;
			remoteInfo = GyroCompass;
		};
/* End PBXContainerItemProxy section */

/* Begin PBXFileReference section */
		87B729A618E933DF00B1E910 /* GyroCompass.app */ = {isa = PBXFileReference; explicitFileType = wrapper.application; includeInIndex = 0; path = GyroCompass.app; sourceTree = BUILT_PRODUCTS_DIR; };
		87B729A918E933DF00B1E910 /* Foundation.framework */ = {isa = PBXFileReference; lastKnownFileType = wrapper.framework; name = Foundation.framework; path = System/Library/Frameworks/Foundation.framework; sourceTree = SDKROOT; };
		87B729AB18E933DF00B1E910 /* CoreGraphics.framework */ = {isa = PBXFileReference; lastKnownFileType = wrapper.framework; name = CoreGraphics.framework; path = System/Library/Frameworks/CoreGraphics.framework; sourceTree = SDKROOT; };
		87B729AD18E933DF00B1E910 /* UIKit.framework */ = {isa = PBXFileReference; lastKnownFileType = wrapper.framework; name = UIKit.framework; path = System/Library/Frameworks/UIKit.framework; sourceTree = SDKROOT; };
		87B729B118E933DF00B1E910 /* GyroCompass-Info.plist */ = {isa = PBXFileReference; lastKnownFileType = text.plist.xml; path = "GyroCompass-Info.plist"; sourceTree = "<group>"; };
		87B729B318E933DF00B1E910 /* en */ = {isa = PBXFileReference; lastKnownFileType = text.plist.strings; name = en; path = en.lproj/InfoPlist.strings; sourceTree = "<group>"; };
		87B729B518E933DF00B1E910 /* main.m */ = {isa = PBXFileReference; lastKnownFileType = sourcecode.c.objc; path = main.m; sourceTree = "<group>"; };
		87B729B718E933DF00B1E910 /* GyroCompass-Prefix.pch */ = {isa = PBXFileReference; lastKnownFileType = sourcecode.c.h; path = "GyroCompass-Prefix.pch"; sourceTree = "<group>"; };
		87B729B818E933DF00B1E910 /* DEBAppDelegate.h */ = {isa = PBXFileReference; lastKnownFileType = sourcecode.c.h; path = DEBAppDelegate.h; sourceTree = "<group>"; };
		87B729B918E933DF00B1E910 /* DEBAppDelegate.m */ = {isa = PBXFileReference; lastKnownFileType = sourcecode.c.objc; path = DEBAppDelegate.m; sourceTree = "<group>"; };
		87B729BC18E933DF00B1E910 /* Base */ = {isa = PBXFileReference; lastKnownFileType = file.storyboard; name = Base; path = Base.lproj/Main.storyboard; sourceTree = "<group>"; };
		87B729BE18E933DF00B1E910 /* DEBViewController.h */ = {isa = PBXFileReference; lastKnownFileType = sourcecode.c.h; path = DEBViewController.h; sourceTree = "<group>"; };
		87B729BF18E933DF00B1E910 /* DEBViewController.m */ = {isa = PBXFileReference; lastKnownFileType = sourcecode.c.objc; path = DEBViewController.m; sourceTree = "<group>"; };
		87B729C118E933DF00B1E910 /* Images.xcassets */ = {isa = PBXFileReference; lastKnownFileType = folder.assetcatalog; path = Images.xcassets; sourceTree = "<group>"; };
		87B729C718E933DF00B1E910 /* GyroCompassTests.xctest */ = {isa = PBXFileReference; explicitFileType = wrapper.cfbundle; includeInIndex = 0; path = GyroCompassTests.xctest; sourceTree = BUILT_PRODUCTS_DIR; };
		87B729C818E933DF00B1E910 /* XCTest.framework */ = {isa = PBXFileReference; lastKnownFileType = wrapper.framework; name = XCTest.framework; path = Library/Frameworks/XCTest.framework; sourceTree = DEVELOPER_DIR; };
		87B729D018E933DF00B1E910 /* GyroCompassTests-Info.plist */ = {isa = PBXFileReference; lastKnownFileType = text.plist.xml; path = "GyroCompassTests-Info.plist"; sourceTree = "<group>"; };
		87B729D218E933DF00B1E910 /* en */ = {isa = PBXFileReference; lastKnownFileType = text.plist.strings; name = en; path = en.lproj/InfoPlist.strings; sourceTree = "<group>"; };
		87B729D418E933DF00B1E910 /* GyroCompassTests.m */ = {isa = PBXFileReference; lastKnownFileType = sourcecode.c.objc; path = GyroCompassTests.m; sourceTree = "<group>"; };
		87B729DE18E9349500B1E910 /* DEBDeviceOrientation.h */ = {isa = PBXFileReference; fileEncoding = 4; lastKnownFileType = sourcecode.c.h; path = DEBDeviceOrientation.h; sourceTree = "<group>"; };
		87B729DF18E9349500B1E910 /* DEBDeviceOrientation.m */ = {isa = PBXFileReference; fileEncoding = 4; lastKnownFileType = sourcecode.c.objc; path = DEBDeviceOrientation.m; sourceTree = "<group>"; };
		87B729E518E9471600B1E910 /* DEBRenderer.h */ = {isa = PBXFileReference; lastKnownFileType = sourcecode.c.h; path = DEBRenderer.h; sourceTree = "<group>"; };
		87B729E618E9477900B1E910 /* DEBOpenGLView.h */ = {isa = PBXFileReference; fileEncoding = 4; lastKnownFileType = sourcecode.c.h; path = DEBOpenGLView.h; sourceTree = "<group>"; };
		87B729E718E9477900B1E910 /* DEBOpenGLView.m */ = {isa = PBXFileReference; fileEncoding = 4; lastKnownFileType = sourcecode.c.objc; path = DEBOpenGLView.m; sourceTree = "<group>"; };
		87B729E918E9496900B1E910 /* DEBMultiSampleRenderer.h */ = {isa = PBXFileReference; fileEncoding = 4; lastKnownFileType = sourcecode.c.h; path = DEBMultiSampleRenderer.h; sourceTree = "<group>"; };
		87B729EA18E9496900B1E910 /* DEBMultiSampleRenderer.m */ = {isa = PBXFileReference; fileEncoding = 4; lastKnownFileType = sourcecode.c.objc; path = DEBMultiSampleRenderer.m; sourceTree = "<group>"; };
		87B729EC18E9501E00B1E910 /* DEBSceneRenderer.h */ = {isa = PBXFileReference; fileEncoding = 4; lastKnownFileType = sourcecode.c.h; path = DEBSceneRenderer.h; sourceTree = "<group>"; };
		87B729ED18E9501E00B1E910 /* DEBSceneRenderer.m */ = {isa = PBXFileReference; fileEncoding = 4; lastKnownFileType = sourcecode.c.objc; path = DEBSceneRenderer.m; sourceTree = "<group>"; };
		87B729EF18E951AC00B1E910 /* DEBGyroCompassScene.h */ = {isa = PBXFileReference; fileEncoding = 4; lastKnownFileType = sourcecode.c.h; path = DEBGyroCompassScene.h; sourceTree = "<group>"; };
		87B729F018E951AC00B1E910 /* DEBGyroCompassScene.m */ = {isa = PBXFileReference; fileEncoding = 4; lastKnownFileType = sourcecode.c.objc; path = DEBGyroCompassScene.m; sourceTree = "<group>"; };
		87B729F218E9570600B1E910 /* DEBPreviewView.h */ = {isa = PBXFileReference; fileEncoding = 4; lastKnownFileType = sourcecode.c.h; path = DEBPreviewView.h; sourceTree = "<group>"; };
		87B729F318E9570600B1E910 /* DEBPreviewView.m */ = {isa = PBXFileReference; fileEncoding = 4; lastKnownFileType = sourcecode.c.objc; path = DEBPreviewView.m; sourceTree = "<group>"; };
/* End PBXFileReference section */

/* Begin PBXFrameworksBuildPhase section */
		87B729A318E933DF00B1E910 /* Frameworks */ = {
			isa = PBXFrameworksBuildPhase;
			buildActionMask = 2147483647;
			files = (
				87B729AC18E933DF00B1E910 /* CoreGraphics.framework in Frameworks */,
				87B729AE18E933DF00B1E910 /* UIKit.framework in Frameworks */,
				87B729AA18E933DF00B1E910 /* Foundation.framework in Frameworks */,
			);
			runOnlyForDeploymentPostprocessing = 0;
		};
		87B729C418E933DF00B1E910 /* Frameworks */ = {
			isa = PBXFrameworksBuildPhase;
			buildActionMask = 2147483647;
			files = (
				87B729C918E933DF00B1E910 /* XCTest.framework in Frameworks */,
				87B729CB18E933DF00B1E910 /* UIKit.framework in Frameworks */,
				87B729CA18E933DF00B1E910 /* Foundation.framework in Frameworks */,
			);
			runOnlyForDeploymentPostprocessing = 0;
		};
/* End PBXFrameworksBuildPhase section */

/* Begin PBXGroup section */
		87B7299D18E933DF00B1E910 = {
			isa = PBXGroup;
			children = (
				87B729AF18E933DF00B1E910 /* GyroCompass */,
				87B729CE18E933DF00B1E910 /* GyroCompassTests */,
				87B729A818E933DF00B1E910 /* Frameworks */,
				87B729A718E933DF00B1E910 /* Products */,
			);
			sourceTree = "<group>";
		};
		87B729A718E933DF00B1E910 /* Products */ = {
			isa = PBXGroup;
			children = (
				87B729A618E933DF00B1E910 /* GyroCompass.app */,
				87B729C718E933DF00B1E910 /* GyroCompassTests.xctest */,
			);
			name = Products;
			sourceTree = "<group>";
		};
		87B729A818E933DF00B1E910 /* Frameworks */ = {
			isa = PBXGroup;
			children = (
				87B729A918E933DF00B1E910 /* Foundation.framework */,
				87B729AB18E933DF00B1E910 /* CoreGraphics.framework */,
				87B729AD18E933DF00B1E910 /* UIKit.framework */,
				87B729C818E933DF00B1E910 /* XCTest.framework */,
			);
			name = Frameworks;
			sourceTree = "<group>";
		};
		87B729AF18E933DF00B1E910 /* GyroCompass */ = {
			isa = PBXGroup;
			children = (
				87B729B818E933DF00B1E910 /* DEBAppDelegate.h */,
				87B729B918E933DF00B1E910 /* DEBAppDelegate.m */,
				87B729DE18E9349500B1E910 /* DEBDeviceOrientation.h */,
				87B729DF18E9349500B1E910 /* DEBDeviceOrientation.m */,
				87B729EF18E951AC00B1E910 /* DEBGyroCompassScene.h */,
				87B729F018E951AC00B1E910 /* DEBGyroCompassScene.m */,
				87B729E918E9496900B1E910 /* DEBMultiSampleRenderer.h */,
				87B729EA18E9496900B1E910 /* DEBMultiSampleRenderer.m */,
				87B729EC18E9501E00B1E910 /* DEBSceneRenderer.h */,
				87B729ED18E9501E00B1E910 /* DEBSceneRenderer.m */,
				87B729E618E9477900B1E910 /* DEBOpenGLView.h */,
				87B729E718E9477900B1E910 /* DEBOpenGLView.m */,
				87B729F218E9570600B1E910 /* DEBPreviewView.h */,
				87B729F318E9570600B1E910 /* DEBPreviewView.m */,
				87B729E518E9471600B1E910 /* DEBRenderer.h */,
				87B729BE18E933DF00B1E910 /* DEBViewController.h */,
				87B729BF18E933DF00B1E910 /* DEBViewController.m */,
				87B729BB18E933DF00B1E910 /* Main.storyboard */,
				87B729C118E933DF00B1E910 /* Images.xcassets */,
				87B729B018E933DF00B1E910 /* Supporting Files */,
			);
			path = GyroCompass;
			sourceTree = "<group>";
		};
		87B729B018E933DF00B1E910 /* Supporting Files */ = {
			isa = PBXGroup;
			children = (
				87B729B118E933DF00B1E910 /* GyroCompass-Info.plist */,
				87B729B218E933DF00B1E910 /* InfoPlist.strings */,
				87B729B518E933DF00B1E910 /* main.m */,
				87B729B718E933DF00B1E910 /* GyroCompass-Prefix.pch */,
			);
			name = "Supporting Files";
			sourceTree = "<group>";
		};
		87B729CE18E933DF00B1E910 /* GyroCompassTests */ = {
			isa = PBXGroup;
			children = (
				87B729D418E933DF00B1E910 /* GyroCompassTests.m */,
				87B729CF18E933DF00B1E910 /* Supporting Files */,
			);
			path = GyroCompassTests;
			sourceTree = "<group>";
		};
		87B729CF18E933DF00B1E910 /* Supporting Files */ = {
			isa = PBXGroup;
			children = (
				87B729D018E933DF00B1E910 /* GyroCompassTests-Info.plist */,
				87B729D118E933DF00B1E910 /* InfoPlist.strings */,
			);
			name = "Supporting Files";
			sourceTree = "<group>";
		};
/* End PBXGroup section */

/* Begin PBXNativeTarget section */
		87B729A518E933DF00B1E910 /* GyroCompass */ = {
			isa = PBXNativeTarget;
			buildConfigurationList = 87B729D818E933DF00B1E910 /* Build configuration list for PBXNativeTarget "GyroCompass" */;
			buildPhases = (
				87B729A218E933DF00B1E910 /* Sources */,
				87B729A318E933DF00B1E910 /* Frameworks */,
				87B729A418E933DF00B1E910 /* Resources */,
			);
			buildRules = (
			);
			dependencies = (
			);
			name = GyroCompass;
			productName = GyroCompass;
			productReference = 87B729A618E933DF00B1E910 /* GyroCompass.app */;
			productType = "com.apple.product-type.application";
		};
		87B729C618E933DF00B1E910 /* GyroCompassTests */ = {
			isa = PBXNativeTarget;
			buildConfigurationList = 87B729DB18E933DF00B1E910 /* Build configuration list for PBXNativeTarget "GyroCompassTests" */;
			buildPhases = (
				87B729C318E933DF00B1E910 /* Sources */,
				87B729C418E933DF00B1E910 /* Frameworks */,
				87B729C518E933DF00B1E910 /* Resources */,
			);
			buildRules = (
			);
			dependencies = (
				87B729CD18E933DF00B1E910 /* PBXTargetDependency */,
			);
			name = GyroCompassTests;
			productName = GyroCompassTests;
			productReference = 87B729C718E933DF00B1E910 /* GyroCompassTests.xctest */;
			productType = "com.apple.product-type.bundle.unit-test";
		};
/* End PBXNativeTarget section */

/* Begin PBXProject section */
		87B7299E18E933DF00B1E910 /* Project object */ = {
			isa = PBXProject;
			attributes = {
				CLASSPREFIX = DEB;
				LastUpgradeCheck = 0510;
				ORGANIZATIONNAME = "Takaaki Tanaka";
				TargetAttributes = {
					87B729C618E933DF00B1E910 = {
						TestTargetID = 87B729A518E933DF00B1E910;
					};
				};
			};
			buildConfigurationList = 87B729A118E933DF00B1E910 /* Build configuration list for PBXProject "GyroCompass" */;
			compatibilityVersion = "Xcode 3.2";
			developmentRegion = English;
			hasScannedForEncodings = 0;
			knownRegions = (
				en,
				Base,
			);
			mainGroup = 87B7299D18E933DF00B1E910;
			productRefGroup = 87B729A718E933DF00B1E910 /* Products */;
			projectDirPath = "";
			projectRoot = "";
			targets = (
				87B729A518E933DF00B1E910 /* GyroCompass */,
				87B729C618E933DF00B1E910 /* GyroCompassTests */,
			);
		};
/* End PBXProject section */

/* Begin PBXResourcesBuildPhase section */
		87B729A418E933DF00B1E910 /* Resources */ = {
			isa = PBXResourcesBuildPhase;
			buildActionMask = 2147483647;
			files = (
				87B729C218E933DF00B1E910 /* Images.xcassets in Resources */,
				87B729B418E933DF00B1E910 /* InfoPlist.strings in Resources */,
				87B729BD18E933DF00B1E910 /* Main.storyboard in Resources */,
			);
			runOnlyForDeploymentPostprocessing = 0;
		};
		87B729C518E933DF00B1E910 /* Resources */ = {
			isa = PBXResourcesBuildPhase;
			buildActionMask = 2147483647;
			files = (
				87B729D318E933DF00B1E910 /* InfoPlist.strings in Resources */,
			);
			runOnlyForDeploymentPostprocessing = 0;
		};
/* End PBXResourcesBuildPhase section */

/* Begin PBXSourcesBuildPhase section */
		87B729A218E933DF00B1E910 /* Sources */ = {
			isa = PBXSourcesBuildPhase;
			buildActionMask = 2147483647;
			files = (
				87B729F118E951AC00B1E910 /* DEBGyroCompassScene.m in Sources */,
				87B729E018E9349500B1E910 /* DEBDeviceOrientation.m in Sources */,
				87B729C018E933DF00B1E910 /* DEBViewController.m in Sources */,
				87B729BA18E933DF00B1E910 /* DEBAppDelegate.m in Sources */,
				87B729EE18E9501E00B1E910 /* DEBSceneRenderer.m in Sources */,
				87B729E818E9477900B1E910 /* DEBOpenGLView.m in Sources */,
				87B729EB18E9496900B1E910 /* DEBMultiSampleRenderer.m in Sources */,
				87B729B618E933DF00B1E910 /* main.m in Sources */,
				87B729F418E9570600B1E910 /* DEBPreviewView.m in Sources */,
			);
			runOnlyForDeploymentPostprocessing = 0;
		};
		87B729C318E933DF00B1E910 /* Sources */ = {
			isa = PBXSourcesBuildPhase;
			buildActionMask = 2147483647;
			files = (
				87B729D518E933DF00B1E910 /* GyroCompassTests.m in Sources */,
			);
			runOnlyForDeploymentPostprocessing = 0;
		};
/* End PBXSourcesBuildPhase section */

/* Begin PBXTargetDependency section */
		87B729CD18E933DF00B1E910 /* PBXTargetDependency */ = {
			isa = PBXTargetDependency;
			target = 87B729A518E933DF00B1E910 /* GyroCompass */;
			targetProxy = 87B729CC18E933DF00B1E910 /* PBXContainerItemProxy */;
		};
/* End PBXTargetDependency section */

/* Begin PBXVariantGroup section */
		87B729B218E933DF00B1E910 /* InfoPlist.strings */ = {
			isa = PBXVariantGroup;
			children = (
				87B729B318E933DF00B1E910 /* en */,
			);
			name = InfoPlist.strings;
			sourceTree = "<group>";
		};
		87B729BB18E933DF00B1E910 /* Main.storyboard */ = {
			isa = PBXVariantGroup;
			children = (
				87B729BC18E933DF00B1E910 /* Base */,
			);
			name = Main.storyboard;
			sourceTree = "<group>";
		};
		87B729D118E933DF00B1E910 /* InfoPlist.strings */ = {
			isa = PBXVariantGroup;
			children = (
				87B729D218E933DF00B1E910 /* en */,
			);
			name = InfoPlist.strings;
			sourceTree = "<group>";
		};
/* End PBXVariantGroup section */

/* Begin XCBuildConfiguration section */
		87B729D618E933DF00B1E910 /* Debug */ = {
			isa = XCBuildConfiguration;
			buildSettings = {
				ALWAYS_SEARCH_USER_PATHS = NO;
				CLANG_CXX_LANGUAGE_STANDARD = "gnu++0x";
				CLANG_CXX_LIBRARY = "libc++";
				CLANG_ENABLE_MODULES = YES;
				CLANG_ENABLE_OBJC_ARC = YES;
				CLANG_WARN_BOOL_CONVERSION = YES;
				CLANG_WARN_CONSTANT_CONVERSION = YES;
				CLANG_WARN_DIRECT_OBJC_ISA_USAGE = YES_ERROR;
				CLANG_WARN_EMPTY_BODY = YES;
				CLANG_WARN_ENUM_CONVERSION = YES;
				CLANG_WARN_INT_CONVERSION = YES;
				CLANG_WARN_OBJC_ROOT_CLASS = YES_ERROR;
				CLANG_WARN__DUPLICATE_METHOD_MATCH = YES;
				"CODE_SIGN_IDENTITY[sdk=iphoneos*]" = "iPhone Developer";
				COPY_PHASE_STRIP = NO;
				GCC_C_LANGUAGE_STANDARD = gnu99;
				GCC_DYNAMIC_NO_PIC = NO;
				GCC_OPTIMIZATION_LEVEL = 0;
				GCC_PREPROCESSOR_DEFINITIONS = (
					"DEBUG=1",
					"$(inherited)",
				);
				GCC_SYMBOLS_PRIVATE_EXTERN = NO;
				GCC_WARN_64_TO_32_BIT_CONVERSION = YES;
				GCC_WARN_ABOUT_RETURN_TYPE = YES_ERROR;
				GCC_WARN_UNDECLARED_SELECTOR = YES;
				GCC_WARN_UNINITIALIZED_AUTOS = YES_AGGRESSIVE;
				GCC_WARN_UNUSED_FUNCTION = YES;
				GCC_WARN_UNUSED_VARIABLE = YES;
				IPHONEOS_DEPLOYMENT_TARGET = 7.1;
				ONLY_ACTIVE_ARCH = YES;
				SDKROOT = iphoneos;
			};
			name = Debug;
		};
		87B729D718E933DF00B1E910 /* Release */ = {
			isa = XCBuildConfiguration;
			buildSettings = {
				ALWAYS_SEARCH_USER_PATHS = NO;
				CLANG_CXX_LANGUAGE_STANDARD = "gnu++0x";
				CLANG_CXX_LIBRARY = "libc++";
				CLANG_ENABLE_MODULES = YES;
				CLANG_ENABLE_OBJC_ARC = YES;
				CLANG_WARN_BOOL_CONVERSION = YES;
				CLANG_WARN_CONSTANT_CONVERSION = YES;
				CLANG_WARN_DIRECT_OBJC_ISA_USAGE = YES_ERROR;
				CLANG_WARN_EMPTY_BODY = YES;
				CLANG_WARN_ENUM_CONVERSION = YES;
				CLANG_WARN_INT_CONVERSION = YES;
				CLANG_WARN_OBJC_ROOT_CLASS = YES_ERROR;
				CLANG_WARN__DUPLICATE_METHOD_MATCH = YES;
				"CODE_SIGN_IDENTITY[sdk=iphoneos*]" = "iPhone Developer";
				COPY_PHASE_STRIP = YES;
				ENABLE_NS_ASSERTIONS = NO;
				GCC_C_LANGUAGE_STANDARD = gnu99;
				GCC_WARN_64_TO_32_BIT_CONVERSION = YES;
				GCC_WARN_ABOUT_RETURN_TYPE = YES_ERROR;
				GCC_WARN_UNDECLARED_SELECTOR = YES;
				GCC_WARN_UNINITIALIZED_AUTOS = YES_AGGRESSIVE;
				GCC_WARN_UNUSED_FUNCTION = YES;
				GCC_WARN_UNUSED_VARIABLE = YES;
				IPHONEOS_DEPLOYMENT_TARGET = 7.1;
				SDKROOT = iphoneos;
				VALIDATE_PRODUCT = YES;
			};
			name = Release;
		};
		87B729D918E933DF00B1E910 /* Debug */ = {
			isa = XCBuildConfiguration;
			buildSettings = {
				ASSETCATALOG_COMPILER_APPICON_NAME = AppIcon;
				ASSETCATALOG_COMPILER_LAUNCHIMAGE_NAME = LaunchImage;
				GCC_PRECOMPILE_PREFIX_HEADER = YES;
				GCC_PREFIX_HEADER = "GyroCompass/GyroCompass-Prefix.pch";
				INFOPLIST_FILE = "GyroCompass/GyroCompass-Info.plist";
				PRODUCT_NAME = "$(TARGET_NAME)";
				WRAPPER_EXTENSION = app;
			};
			name = Debug;
		};
		87B729DA18E933DF00B1E910 /* Release */ = {
			isa = XCBuildConfiguration;
			buildSettings = {
				ASSETCATALOG_COMPILER_APPICON_NAME = AppIcon;
				ASSETCATALOG_COMPILER_LAUNCHIMAGE_NAME = LaunchImage;
				GCC_PRECOMPILE_PREFIX_HEADER = YES;
				GCC_PREFIX_HEADER = "GyroCompass/GyroCompass-Prefix.pch";
				INFOPLIST_FILE = "GyroCompass/GyroCompass-Info.plist";
				PRODUCT_NAME = "$(TARGET_NAME)";
				WRAPPER_EXTENSION = app;
			};
			name = Release;
		};
		87B729DC18E933DF00B1E910 /* Debug */ = {
			isa = XCBuildConfiguration;
			buildSettings = {
				BUNDLE_LOADER = "$(BUILT_PRODUCTS_DIR)/GyroCompass.app/GyroCompass";
				FRAMEWORK_SEARCH_PATHS = (
					"$(SDKROOT)/Developer/Library/Frameworks",
					"$(inherited)",
					"$(DEVELOPER_FRAMEWORKS_DIR)",
				);
				GCC_PRECOMPILE_PREFIX_HEADER = YES;
				GCC_PREFIX_HEADER = "GyroCompass/GyroCompass-Prefix.pch";
				GCC_PREPROCESSOR_DEFINITIONS = (
					"DEBUG=1",
					"$(inherited)",
				);
				INFOPLIST_FILE = "GyroCompassTests/GyroCompassTests-Info.plist";
				PRODUCT_NAME = "$(TARGET_NAME)";
				TEST_HOST = "$(BUNDLE_LOADER)";
				WRAPPER_EXTENSION = xctest;
			};
			name = Debug;
		};
		87B729DD18E933DF00B1E910 /* Release */ = {
			isa = XCBuildConfiguration;
			buildSettings = {
				BUNDLE_LOADER = "$(BUILT_PRODUCTS_DIR)/GyroCompass.app/GyroCompass";
				FRAMEWORK_SEARCH_PATHS = (
					"$(SDKROOT)/Developer/Library/Frameworks",
					"$(inherited)",
					"$(DEVELOPER_FRAMEWORKS_DIR)",
				);
				GCC_PRECOMPILE_PREFIX_HEADER = YES;
				GCC_PREFIX_HEADER = "GyroCompass/GyroCompass-Prefix.pch";
				INFOPLIST_FILE = "GyroCompassTests/GyroCompassTests-Info.plist";
				PRODUCT_NAME = "$(TARGET_NAME)";
				TEST_HOST = "$(BUNDLE_LOADER)";
				WRAPPER_EXTENSION = xctest;
			};
			name = Release;
		};
/* End XCBuildConfiguration section */

/* Begin XCConfigurationList section */
		87B729A118E933DF00B1E910 /* Build configuration list for PBXProject "GyroCompass" */ = {
			isa = XCConfigurationList;
			buildConfigurations = (
				87B729D618E933DF00B1E910 /* Debug */,
				87B729D718E933DF00B1E910 /* Release */,
			);
			defaultConfigurationIsVisible = 0;
			defaultConfigurationName = Release;
		};
		87B729D818E933DF00B1E910 /* Build configuration list for PBXNativeTarget "GyroCompass" */ = {
			isa = XCConfigurationList;
			buildConfigurations = (
				87B729D918E933DF00B1E910 /* Debug */,
				87B729DA18E933DF00B1E910 /* Release */,
			);
			defaultConfigurationIsVisible = 0;
		};
		87B729DB18E933DF00B1E910 /* Build configuration list for PBXNativeTarget "GyroCompassTests" */ = {
			isa = XCConfigurationList;
			buildConfigurations = (
				87B729DC18E933DF00B1E910 /* Debug */,
				87B729DD18E933DF00B1E910 /* Release */,
			);
			defaultConfigurationIsVisible = 0;
		};
/* End XCConfigurationList section */
	};
	rootObject = 87B7299E18E933DF00B1E910 /* Project object */;
}
